
Microsoft Visual Studio Solution File, Format Version 12.00
# Visual Studio Version 16
VisualStudioVersion = 16.0.32002.261
MinimumVisualStudioVersion = 10.0.40219.1
Project("{FAE04EC0-301F-11D3-BF4B-00C04F79EFBC}") = "Teagle.Facts.Web", "Teagle.Facts.Web\Teagle.Facts.Web.csproj", "{620E18AC-DB9A-4EA1-94B9-3EE63C2F554D}"
EndProject
Global
	GlobalSection(SolutionConfigurationPlatforms) = preSolution
		Debug|Any CPU = Debug|Any CPU
		Release|Any CPU = Release|Any CPU
	EndGlobalSection
	GlobalSection(ProjectConfigurationPlatforms) = postSolution
		{620E18AC-DB9A-4EA1-94B9-3EE63C2F554D}.Debug|Any CPU.ActiveCfg = Debug|Any CPU
		{620E18AC-DB9A-4EA1-94B9-3EE63C2F554D}.Debug|Any CPU.Build.0 = Debug|Any CPU
		{620E18AC-DB9A-4EA1-94B9-3EE63C2F554D}.Release|Any CPU.ActiveCfg = Release|Any CPU
		{620E18AC-DB9A-4EA1-94B9-3EE63C2F554D}.Release|Any CPU.Build.0 = Release|Any CPU
	EndGlobalSection
	GlobalSection(SolutionProperties) = preSolution
		HideSolutionNode = FALSE
	EndGlobalSection
	GlobalSection(ExtensibilityGlobals) = postSolution
		SolutionGuid = {E46CCA53-868B-46CD-9B3A-C16758E131B0}
	EndGlobalSection
EndGlobal
